
Microsoft Visual Studio Solution File, Format Version 12.00
# Visual Studio Version 16
VisualStudioVersion = 16.0.30002.166
MinimumVisualStudioVersion = 10.0.40219.1
Project("{FAE04EC0-301F-11D3-BF4B-00C04F79EFBC}") = "EthanFinalProject", "EthanFinalProject\EthanFinalProject.csproj", "{0C34A8FE-A1E6-471D-9AE0-CAC629757650}"
EndProject
Global
	GlobalSection(SolutionConfigurationPlatforms) = preSolution
		Debug|Any CPU = Debug|Any CPU
		Release|Any CPU = Release|Any CPU
	EndGlobalSection
	GlobalSection(ProjectConfigurationPlatforms) = postSolution
		{0C34A8FE-A1E6-471D-9AE0-CAC629757650}.Debug|Any CPU.ActiveCfg = Debug|Any CPU
		{0C34A8FE-A1E6-471D-9AE0-CAC629757650}.Debug|Any CPU.Build.0 = Debug|Any CPU
		{0C34A8FE-A1E6-471D-9AE0-CAC629757650}.Release|Any CPU.ActiveCfg = Release|Any CPU
		{0C34A8FE-A1E6-471D-9AE0-CAC629757650}.Release|Any CPU.Build.0 = Release|Any CPU
	EndGlobalSection
	GlobalSection(SolutionProperties) = preSolution
		HideSolutionNode = FALSE
	EndGlobalSection
	GlobalSection(ExtensibilityGlobals) = postSolution
		SolutionGuid = {FFE46EA3-0C92-476B-804F-B97F01D32964}
	EndGlobalSection
EndGlobal
